
Microsoft Visual Studio Solution File, Format Version 12.00
# Visual Studio Version 17
VisualStudioVersion = 17.4.33213.308
MinimumVisualStudioVersion = 10.0.40219.1
Project("{FAE04EC0-301F-11D3-BF4B-00C04F79EFBC}") = "CTS_Zadanie", "CTS_Zadanie\CTS_Zadanie.csproj", "{1BE258E0-5F84-4511-9EC7-3508497DE323}"
EndProject
Global
	GlobalSection(SolutionConfigurationPlatforms) = preSolution
		Debug|Any CPU = Debug|Any CPU
		Release|Any CPU = Release|Any CPU
	EndGlobalSection
	GlobalSection(ProjectConfigurationPlatforms) = postSolution
		{1BE258E0-5F84-4511-9EC7-3508497DE323}.Debug|Any CPU.ActiveCfg = Debug|Any CPU
		{1BE258E0-5F84-4511-9EC7-3508497DE323}.Debug|Any CPU.Build.0 = Debug|Any CPU
		{1BE258E0-5F84-4511-9EC7-3508497DE323}.Release|Any CPU.ActiveCfg = Release|Any CPU
		{1BE258E0-5F84-4511-9EC7-3508497DE323}.Release|Any CPU.Build.0 = Release|Any CPU
	EndGlobalSection
	GlobalSection(SolutionProperties) = preSolution
		HideSolutionNode = FALSE
	EndGlobalSection
	GlobalSection(ExtensibilityGlobals) = postSolution
		SolutionGuid = {C685DAF0-5650-42C7-8ADC-33E0C13BC7F6}
	EndGlobalSection
EndGlobal
